
Microsoft Visual Studio Solution File, Format Version 12.00
# Visual Studio Version 17
VisualStudioVersion = 17.11.35303.130
MinimumVisualStudioVersion = 10.0.40219.1
Project("{2150E333-8FDC-42A3-9474-1A3956D46DE8}") = "Services", "Services", "{B190E07C-B01A-483E-B6CB-E97CBD9ECC07}"
EndProject
Project("{2150E333-8FDC-42A3-9474-1A3956D46DE8}") = "Catalog", "Catalog", "{03C10BC0-60EB-4BA6-9CDC-0F60170217F8}"
EndProject
Project("{9A19103F-16F7-4668-BE54-9A1E7A4F7556}") = "MultiShop.Catalog", "MultiShop.Catalog\MultiShop.Catalog.csproj", "{7EC4FF4B-1D42-4123-92AC-1E2EE6C0B5D5}"
EndProject
Project("{2150E333-8FDC-42A3-9474-1A3956D46DE8}") = "Discount", "Discount", "{9EDBBDA7-72DE-4596-A5B0-BD82CA8FC78C}"
EndProject
Project("{9A19103F-16F7-4668-BE54-9A1E7A4F7556}") = "MultiShop.Discount", "Services\Discount\MultiShop.Discount\MultiShop.Discount.csproj", "{04713CF3-4FA7-447E-98D2-5B008A3F2F00}"
EndProject
Project("{2150E333-8FDC-42A3-9474-1A3956D46DE8}") = "Order", "Order", "{5426EC56-86B4-4380-B284-9E1B5510FE3C}"
EndProject
Project("{2150E333-8FDC-42A3-9474-1A3956D46DE8}") = "Core", "Core", "{40BB411A-013A-4EF6-9C9B-F6A4CB67A99E}"
EndProject
Project("{2150E333-8FDC-42A3-9474-1A3956D46DE8}") = "Infrastructure", "Infrastructure", "{109C6791-389B-42AE-846D-8FA651134520}"
EndProject
Project("{2150E333-8FDC-42A3-9474-1A3956D46DE8}") = "Presentation", "Presentation", "{88D45ECB-DBF2-47A5-BB8D-CDDC19DE9F7B}"
EndProject
Project("{9A19103F-16F7-4668-BE54-9A1E7A4F7556}") = "MultiShop.Order.Domain", "Services\Order\Core\MultiShop.Order.Domain\MultiShop.Order.Domain.csproj", "{A8DF2F1C-0C79-4D3F-959D-17EB8BD8A18E}"
EndProject
Project("{9A19103F-16F7-4668-BE54-9A1E7A4F7556}") = "MultiShop.Order.Application", "Services\Order\Core\MultiShop.Order.Application\MultiShop.Order.Application.csproj", "{A2F57211-568F-49AC-9D33-4CF36F267217}"
EndProject
Project("{9A19103F-16F7-4668-BE54-9A1E7A4F7556}") = "MultiShop.Order.Persistance", "Services\Order\Infrastructure\MultiShop.Order.Persistance\MultiShop.Order.Persistance.csproj", "{32E512B3-72BA-42E0-8AC1-5ACE1F60524F}"
EndProject
Project("{9A19103F-16F7-4668-BE54-9A1E7A4F7556}") = "MultiShop.Order.WebApi", "Services\Order\Presentation\MultiShop.Order.WebApi\MultiShop.Order.WebApi.csproj", "{8AE42D31-6D8D-40E5-BD7B-D9E7D679F7BF}"
EndProject
Project("{2150E333-8FDC-42A3-9474-1A3956D46DE8}") = "IdentityServer", "IdentityServer", "{1B38078B-BB5A-4B8E-895C-9F5A54C97AFF}"
EndProject
Project("{9A19103F-16F7-4668-BE54-9A1E7A4F7556}") = "MultiShop.IdentityServer", "IdentityServer\MultiShop.IdentityServer\MultiShop.IdentityServer.csproj", "{A45DC4EC-E610-406B-8B78-39940746F86B}"
EndProject
Project("{2150E333-8FDC-42A3-9474-1A3956D46DE8}") = "Requirements", "Requirements", "{7EB9571C-17B7-4F9A-8C08-3372C6923763}"
EndProject
Global
	GlobalSection(SolutionConfigurationPlatforms) = preSolution
		Debug|Any CPU = Debug|Any CPU
		Release|Any CPU = Release|Any CPU
	EndGlobalSection
	GlobalSection(ProjectConfigurationPlatforms) = postSolution
		{7EC4FF4B-1D42-4123-92AC-1E2EE6C0B5D5}.Debug|Any CPU.ActiveCfg = Debug|Any CPU
		{7EC4FF4B-1D42-4123-92AC-1E2EE6C0B5D5}.Debug|Any CPU.Build.0 = Debug|Any CPU
		{7EC4FF4B-1D42-4123-92AC-1E2EE6C0B5D5}.Release|Any CPU.ActiveCfg = Release|Any CPU
		{7EC4FF4B-1D42-4123-92AC-1E2EE6C0B5D5}.Release|Any CPU.Build.0 = Release|Any CPU
		{04713CF3-4FA7-447E-98D2-5B008A3F2F00}.Debug|Any CPU.ActiveCfg = Debug|Any CPU
		{04713CF3-4FA7-447E-98D2-5B008A3F2F00}.Debug|Any CPU.Build.0 = Debug|Any CPU
		{04713CF3-4FA7-447E-98D2-5B008A3F2F00}.Release|Any CPU.ActiveCfg = Release|Any CPU
		{04713CF3-4FA7-447E-98D2-5B008A3F2F00}.Release|Any CPU.Build.0 = Release|Any CPU
		{A8DF2F1C-0C79-4D3F-959D-17EB8BD8A18E}.Debug|Any CPU.ActiveCfg = Debug|Any CPU
		{A8DF2F1C-0C79-4D3F-959D-17EB8BD8A18E}.Debug|Any CPU.Build.0 = Debug|Any CPU
		{A8DF2F1C-0C79-4D3F-959D-17EB8BD8A18E}.Release|Any CPU.ActiveCfg = Release|Any CPU
		{A8DF2F1C-0C79-4D3F-959D-17EB8BD8A18E}.Release|Any CPU.Build.0 = Release|Any CPU
		{A2F57211-568F-49AC-9D33-4CF36F267217}.Debug|Any CPU.ActiveCfg = Debug|Any CPU
		{A2F57211-568F-49AC-9D33-4CF36F267217}.Debug|Any CPU.Build.0 = Debug|Any CPU
		{A2F57211-568F-49AC-9D33-4CF36F267217}.Release|Any CPU.ActiveCfg = Release|Any CPU
		{A2F57211-568F-49AC-9D33-4CF36F267217}.Release|Any CPU.Build.0 = Release|Any CPU
		{32E512B3-72BA-42E0-8AC1-5ACE1F60524F}.Debug|Any CPU.ActiveCfg = Debug|Any CPU
		{32E512B3-72BA-42E0-8AC1-5ACE1F60524F}.Debug|Any CPU.Build.0 = Debug|Any CPU
		{32E512B3-72BA-42E0-8AC1-5ACE1F60524F}.Release|Any CPU.ActiveCfg = Release|Any CPU
		{32E512B3-72BA-42E0-8AC1-5ACE1F60524F}.Release|Any CPU.Build.0 = Release|Any CPU
		{8AE42D31-6D8D-40E5-BD7B-D9E7D679F7BF}.Debug|Any CPU.ActiveCfg = Debug|Any CPU
		{8AE42D31-6D8D-40E5-BD7B-D9E7D679F7BF}.Debug|Any CPU.Build.0 = Debug|Any CPU
		{8AE42D31-6D8D-40E5-BD7B-D9E7D679F7BF}.Release|Any CPU.ActiveCfg = Release|Any CPU
		{8AE42D31-6D8D-40E5-BD7B-D9E7D679F7BF}.Release|Any CPU.Build.0 = Release|Any CPU
		{A45DC4EC-E610-406B-8B78-39940746F86B}.Debug|Any CPU.ActiveCfg = Debug|Any CPU
		{A45DC4EC-E610-406B-8B78-39940746F86B}.Debug|Any CPU.Build.0 = Debug|Any CPU
		{A45DC4EC-E610-406B-8B78-39940746F86B}.Release|Any CPU.ActiveCfg = Release|Any CPU
		{A45DC4EC-E610-406B-8B78-39940746F86B}.Release|Any CPU.Build.0 = Release|Any CPU
	EndGlobalSection
	GlobalSection(SolutionProperties) = preSolution
		HideSolutionNode = FALSE
	EndGlobalSection
	GlobalSection(NestedProjects) = preSolution
		{03C10BC0-60EB-4BA6-9CDC-0F60170217F8} = {B190E07C-B01A-483E-B6CB-E97CBD9ECC07}
		{7EC4FF4B-1D42-4123-92AC-1E2EE6C0B5D5} = {03C10BC0-60EB-4BA6-9CDC-0F60170217F8}
		{9EDBBDA7-72DE-4596-A5B0-BD82CA8FC78C} = {B190E07C-B01A-483E-B6CB-E97CBD9ECC07}
		{04713CF3-4FA7-447E-98D2-5B008A3F2F00} = {9EDBBDA7-72DE-4596-A5B0-BD82CA8FC78C}
		{5426EC56-86B4-4380-B284-9E1B5510FE3C} = {B190E07C-B01A-483E-B6CB-E97CBD9ECC07}
		{40BB411A-013A-4EF6-9C9B-F6A4CB67A99E} = {5426EC56-86B4-4380-B284-9E1B5510FE3C}
		{109C6791-389B-42AE-846D-8FA651134520} = {5426EC56-86B4-4380-B284-9E1B5510FE3C}
		{88D45ECB-DBF2-47A5-BB8D-CDDC19DE9F7B} = {5426EC56-86B4-4380-B284-9E1B5510FE3C}
		{A8DF2F1C-0C79-4D3F-959D-17EB8BD8A18E} = {40BB411A-013A-4EF6-9C9B-F6A4CB67A99E}
		{A2F57211-568F-49AC-9D33-4CF36F267217} = {40BB411A-013A-4EF6-9C9B-F6A4CB67A99E}
		{32E512B3-72BA-42E0-8AC1-5ACE1F60524F} = {109C6791-389B-42AE-846D-8FA651134520}
		{8AE42D31-6D8D-40E5-BD7B-D9E7D679F7BF} = {88D45ECB-DBF2-47A5-BB8D-CDDC19DE9F7B}
		{A45DC4EC-E610-406B-8B78-39940746F86B} = {1B38078B-BB5A-4B8E-895C-9F5A54C97AFF}
	EndGlobalSection
	GlobalSection(ExtensibilityGlobals) = postSolution
		SolutionGuid = {247CDD3E-4076-4C3C-A1FD-808E040881F6}
	EndGlobalSection
EndGlobal
